
Microsoft Visual Studio Solution File, Format Version 12.00
# Visual Studio Version 18
VisualStudioVersion = 18.1.11304.174
MinimumVisualStudioVersion = 10.0.40219.1
Project("{2150E333-8FDC-42A3-9474-1A3956D46DE8}") = "shared", "shared", "{024353D0-17BC-4C45-9B79-A30ABA785F2E}"
EndProject
Project("{2150E333-8FDC-42A3-9474-1A3956D46DE8}") = "src", "src", "{2DE97E86-BE71-4399-AEB7-8FD7A57D7D7F}"
EndProject
Project("{FAE04EC0-301F-11D3-BF4B-00C04F79EFBC}") = "TechChallenge.DataSimulator", "shared\src\TechChallenge.DataSimulator\TechChallenge.DataSimulator.csproj", "{CB3723F6-6A2F-4FEF-97C4-92219E4B5C05}"
EndProject
Project("{2150E333-8FDC-42A3-9474-1A3956D46DE8}") = "measurements-api", "measurements-api", "{370CD8B8-956F-4B14-A61C-41FD2C0C8FCE}"
EndProject
Project("{FAE04EC0-301F-11D3-BF4B-00C04F79EFBC}") = "TechChallenge.Measurements.Api", "measurements-api\src\TechChallenge.Measurements.Api\TechChallenge.Measurements.Api.csproj", "{45E18706-018F-4B54-9B50-DF452A7E6EF0}"
EndProject
Project("{2150E333-8FDC-42A3-9474-1A3956D46DE8}") = "src", "src", "{B136E0F7-2871-4C99-8885-94511DB74258}"
EndProject
Project("{2150E333-8FDC-42A3-9474-1A3956D46DE8}") = "emissions-api", "emissions-api", "{7D96357F-DDCB-460E-8351-670850FB8005}"
EndProject
Project("{2150E333-8FDC-42A3-9474-1A3956D46DE8}") = "src", "src", "{19193D5E-2092-4D1A-AD86-DA554DD604CB}"
EndProject
Project("{FAE04EC0-301F-11D3-BF4B-00C04F79EFBC}") = "TechChallenge.Emissions.Api", "emissions-api\src\TechChallenge.Emissions.Api\TechChallenge.Emissions.Api.csproj", "{2D80C218-6AF4-4454-83D4-198DE484F403}"
EndProject
Project("{FAE04EC0-301F-11D3-BF4B-00C04F79EFBC}") = "TechChallenge.Common", "shared\src\TechChallenge.Common\TechChallenge.Common.csproj", "{17E04EB7-4F1B-4C55-AEC2-6D3C9CBEBACB}"
EndProject
Project("{FAE04EC0-301F-11D3-BF4B-00C04F79EFBC}") = "TechChallenge.ChaosMonkey", "shared\src\TechChallenge.ChaosMonkey\TechChallenge.ChaosMonkey.csproj", "{DA455C0E-3487-4A62-9B17-1AE491E4A79E}"
EndProject
Project("{2150E333-8FDC-42A3-9474-1A3956D46DE8}") = "calculator-api", "calculator-api", "{DE9330F7-6BE2-B1FE-2F65-A29389EC4186}"
EndProject
Project("{2150E333-8FDC-42A3-9474-1A3956D46DE8}") = "src", "src", "{C9588F4E-C40A-B34C-D07F-821604D30829}"
EndProject
Project("{FAE04EC0-301F-11D3-BF4B-00C04F79EFBC}") = "TechChallenge.Calculator.Api", "calculator-api\src\TechChallenge.Calculator.Api\TechChallenge.Calculator.Api.csproj", "{EFC54F76-17C5-47F8-9FC4-0CE69120E61A}"
EndProject
Project("{2150E333-8FDC-42A3-9474-1A3956D46DE8}") = "Solution Items", "Solution Items", "{3270657D-4A23-4722-B7E4-153E06D22EC5}"
	ProjectSection(SolutionItems) = preProject
		.dockerignore = .dockerignore
		.editorconfig = .editorconfig
		.gitignore = .gitignore
		Directory.Build.props = Directory.Build.props
		Directory.Packages.props = Directory.Packages.props
		docker-compose.yml = docker-compose.yml
		NOTES.md = NOTES.md
		README.md = README.md
	EndProjectSection
EndProject
Global
	GlobalSection(SolutionConfigurationPlatforms) = preSolution
		Debug|Any CPU = Debug|Any CPU
		Release|Any CPU = Release|Any CPU
	EndGlobalSection
	GlobalSection(NestedProjects) = preSolution
		{2DE97E86-BE71-4399-AEB7-8FD7A57D7D7F} = {024353D0-17BC-4C45-9B79-A30ABA785F2E}
		{CB3723F6-6A2F-4FEF-97C4-92219E4B5C05} = {2DE97E86-BE71-4399-AEB7-8FD7A57D7D7F}
		{B136E0F7-2871-4C99-8885-94511DB74258} = {370CD8B8-956F-4B14-A61C-41FD2C0C8FCE}
		{45E18706-018F-4B54-9B50-DF452A7E6EF0} = {B136E0F7-2871-4C99-8885-94511DB74258}
		{19193D5E-2092-4D1A-AD86-DA554DD604CB} = {7D96357F-DDCB-460E-8351-670850FB8005}
		{2D80C218-6AF4-4454-83D4-198DE484F403} = {19193D5E-2092-4D1A-AD86-DA554DD604CB}
		{17E04EB7-4F1B-4C55-AEC2-6D3C9CBEBACB} = {2DE97E86-BE71-4399-AEB7-8FD7A57D7D7F}
		{DA455C0E-3487-4A62-9B17-1AE491E4A79E} = {2DE97E86-BE71-4399-AEB7-8FD7A57D7D7F}
		{C9588F4E-C40A-B34C-D07F-821604D30829} = {DE9330F7-6BE2-B1FE-2F65-A29389EC4186}
		{EFC54F76-17C5-47F8-9FC4-0CE69120E61A} = {C9588F4E-C40A-B34C-D07F-821604D30829}
	EndGlobalSection
	GlobalSection(ProjectConfigurationPlatforms) = postSolution
		{CB3723F6-6A2F-4FEF-97C4-92219E4B5C05}.Debug|Any CPU.ActiveCfg = Debug|Any CPU
		{CB3723F6-6A2F-4FEF-97C4-92219E4B5C05}.Debug|Any CPU.Build.0 = Debug|Any CPU
		{CB3723F6-6A2F-4FEF-97C4-92219E4B5C05}.Release|Any CPU.ActiveCfg = Release|Any CPU
		{CB3723F6-6A2F-4FEF-97C4-92219E4B5C05}.Release|Any CPU.Build.0 = Release|Any CPU
		{45E18706-018F-4B54-9B50-DF452A7E6EF0}.Debug|Any CPU.ActiveCfg = Debug|Any CPU
		{45E18706-018F-4B54-9B50-DF452A7E6EF0}.Debug|Any CPU.Build.0 = Debug|Any CPU
		{45E18706-018F-4B54-9B50-DF452A7E6EF0}.Release|Any CPU.ActiveCfg = Release|Any CPU
		{45E18706-018F-4B54-9B50-DF452A7E6EF0}.Release|Any CPU.Build.0 = Release|Any CPU
		{2D80C218-6AF4-4454-83D4-198DE484F403}.Debug|Any CPU.ActiveCfg = Debug|Any CPU
		{2D80C218-6AF4-4454-83D4-198DE484F403}.Debug|Any CPU.Build.0 = Debug|Any CPU
		{2D80C218-6AF4-4454-83D4-198DE484F403}.Release|Any CPU.ActiveCfg = Release|Any CPU
		{2D80C218-6AF4-4454-83D4-198DE484F403}.Release|Any CPU.Build.0 = Release|Any CPU
		{17E04EB7-4F1B-4C55-AEC2-6D3C9CBEBACB}.Debug|Any CPU.ActiveCfg = Debug|Any CPU
		{17E04EB7-4F1B-4C55-AEC2-6D3C9CBEBACB}.Debug|Any CPU.Build.0 = Debug|Any CPU
		{17E04EB7-4F1B-4C55-AEC2-6D3C9CBEBACB}.Release|Any CPU.ActiveCfg = Release|Any CPU
		{17E04EB7-4F1B-4C55-AEC2-6D3C9CBEBACB}.Release|Any CPU.Build.0 = Release|Any CPU
		{DA455C0E-3487-4A62-9B17-1AE491E4A79E}.Debug|Any CPU.ActiveCfg = Debug|Any CPU
		{DA455C0E-3487-4A62-9B17-1AE491E4A79E}.Debug|Any CPU.Build.0 = Debug|Any CPU
		{DA455C0E-3487-4A62-9B17-1AE491E4A79E}.Release|Any CPU.ActiveCfg = Release|Any CPU
		{DA455C0E-3487-4A62-9B17-1AE491E4A79E}.Release|Any CPU.Build.0 = Release|Any CPU
		{EFC54F76-17C5-47F8-9FC4-0CE69120E61A}.Debug|Any CPU.ActiveCfg = Debug|Any CPU
		{EFC54F76-17C5-47F8-9FC4-0CE69120E61A}.Debug|Any CPU.Build.0 = Debug|Any CPU
		{EFC54F76-17C5-47F8-9FC4-0CE69120E61A}.Release|Any CPU.ActiveCfg = Release|Any CPU
		{EFC54F76-17C5-47F8-9FC4-0CE69120E61A}.Release|Any CPU.Build.0 = Release|Any CPU
	EndGlobalSection
	GlobalSection(SolutionProperties) = preSolution
		HideSolutionNode = FALSE
	EndGlobalSection
EndGlobal
